// !$*UTF8*$!
{
	archiveVersion = 1;
	classes = {
	};
	objectVersion = 50;
	objects = {

/* Begin PBXBuildFile section */
		189FCBA524DB58DA00BD7C5D /* AppDelegate.swift in Sources */ = {isa = PBXBuildFile; fileRef = 189FCBA424DB58DA00BD7C5D /* AppDelegate.swift */; };
		189FCBA724DB58DA00BD7C5D /* SceneDelegate.swift in Sources */ = {isa = PBXBuildFile; fileRef = 189FCBA624DB58DA00BD7C5D /* SceneDelegate.swift */; };
		189FCBA924DB58DA00BD7C5D /* ViewController.swift in Sources */ = {isa = PBXBuildFile; fileRef = 189FCBA824DB58DA00BD7C5D /* ViewController.swift */; };
		189FCBAC24DB58DA00BD7C5D /* Main.storyboard in Resources */ = {isa = PBXBuildFile; fileRef = 189FCBAA24DB58DA00BD7C5D /* Main.storyboard */; };
		189FCBAE24DB58DB00BD7C5D /* Assets.xcassets in Resources */ = {isa = PBXBuildFile; fileRef = 189FCBAD24DB58DB00BD7C5D /* Assets.xcassets */; };
		189FCBB124DB58DB00BD7C5D /* LaunchScreen.storyboard in Resources */ = {isa = PBXBuildFile; fileRef = 189FCBAF24DB58DB00BD7C5D /* LaunchScreen.storyboard */; };
		189FCBB924DB7F6D00BD7C5D /* IMG_8278.jpg in Resources */ = {isa = PBXBuildFile; fileRef = 189FCBB824DB7F6D00BD7C5D /* IMG_8278.jpg */; };
/* End PBXBuildFile section */

/* Begin PBXFileReference section */
		189FCBA124DB58DA00BD7C5D /* MiniProject1.app */ = {isa = PBXFileReference; explicitFileType = wrapper.application; includeInIndex = 0; path = MiniProject1.app; sourceTree = BUILT_PRODUCTS_DIR; };
		189FCBA424DB58DA00BD7C5D /* AppDelegate.swift */ = {isa = PBXFileReference; lastKnownFileType = sourcecode.swift; path = AppDelegate.swift; sourceTree = "<group>"; };
		189FCBA624DB58DA00BD7C5D /* SceneDelegate.swift */ = {isa = PBXFileReference; lastKnownFileType = sourcecode.swift; path = SceneDelegate.swift; sourceTree = "<group>"; };
		189FCBA824DB58DA00BD7C5D /* ViewController.swift */ = {isa = PBXFileReference; lastKnownFileType = sourcecode.swift; path = ViewController.swift; sourceTree = "<group>"; };
		189FCBAB24DB58DA00BD7C5D /* Base */ = {isa = PBXFileReference; lastKnownFileType = file.storyboard; name = Base; path = Base.lproj/Main.storyboard; sourceTree = "<group>"; };
		189FCBAD24DB58DB00BD7C5D /* Assets.xcassets */ = {isa = PBXFileReference; lastKnownFileType = folder.assetcatalog; path = Assets.xcassets; sourceTree = "<group>"; };
		189FCBB024DB58DB00BD7C5D /* Base */ = {isa = PBXFileReference; lastKnownFileType = file.storyboard; name = Base; path = Base.lproj/LaunchScreen.storyboard; sourceTree = "<group>"; };
		189FCBB224DB58DB00BD7C5D /* Info.plist */ = {isa = PBXFileReference; lastKnownFileType = text.plist.xml; path = Info.plist; sourceTree = "<group>"; };
		189FCBB824DB7F6D00BD7C5D /* IMG_8278.jpg */ = {isa = PBXFileReference; lastKnownFileType = image.jpeg; name = IMG_8278.jpg; path = ../../IMG_8278.jpg; sourceTree = "<group>"; };
/* End PBXFileReference section */

/* Begin PBXFrameworksBuildPhase section */
		189FCB9E24DB58DA00BD7C5D /* Frameworks */ = {
			isa = PBXFrameworksBuildPhase;
			buildActionMask = 2147483647;
			files = (
			);
			runOnlyForDeploymentPostprocessing = 0;
		};
/* End PBXFrameworksBuildPhase section */

/* Begin PBXGroup section */
		189FCB9824DB58DA00BD7C5D = {
			isa = PBXGroup;
			children = (
				189FCBA324DB58DA00BD7C5D /* MiniProject1 */,
				189FCBA224DB58DA00BD7C5D /* Products */,
				189FCBB824DB7F6D00BD7C5D /* IMG_8278.jpg */,
			);
			sourceTree = "<group>";
		};
		189FCBA224DB58DA00BD7C5D /* Products */ = {
			isa = PBXGroup;
			children = (
				189FCBA124DB58DA00BD7C5D /* MiniProject1.app */,
			);
			name = Products;
			sourceTree = "<group>";
		};
		189FCBA324DB58DA00BD7C5D /* MiniProject1 */ = {
			isa = PBXGroup;
			children = (
				189FCBA424DB58DA00BD7C5D /* AppDelegate.swift */,
				189FCBA624DB58DA00BD7C5D /* SceneDelegate.swift */,
				189FCBA824DB58DA00BD7C5D /* ViewController.swift */,
				189FCBAA24DB58DA00BD7C5D /* Main.storyboard */,
				189FCBAD24DB58DB00BD7C5D /* Assets.xcassets */,
				189FCBAF24DB58DB00BD7C5D /* LaunchScreen.storyboard */,
				189FCBB224DB58DB00BD7C5D /* Info.plist */,
			);
			path = MiniProject1;
			sourceTree = "<group>";
		};
/* End PBXGroup section */

/* Begin PBXNativeTarget section */
		189FCBA024DB58DA00BD7C5D /* MiniProject1 */ = {
			isa = PBXNativeTarget;
			buildConfigurationList = 189FCBB524DB58DB00BD7C5D /* Build configuration list for PBXNativeTarget "MiniProject1" */;
			buildPhases = (
				189FCB9D24DB58DA00BD7C5D /* Sources */,
				189FCB9E24DB58DA00BD7C5D /* Frameworks */,
				189FCB9F24DB58DA00BD7C5D /* Resources */,
			);
			buildRules = (
			);
			dependencies = (
			);
			name = MiniProject1;
			productName = MiniProject1;
			productReference = 189FCBA124DB58DA00BD7C5D /* MiniProject1.app */;
			productType = "com.apple.product-type.application";
		};
/* End PBXNativeTarget section */

/* Begin PBXProject section */
		189FCB9924DB58DA00BD7C5D /* Project object */ = {
			isa = PBXProject;
			attributes = {
				LastSwiftUpdateCheck = 1150;
				LastUpgradeCheck = 1150;
				ORGANIZATIONNAME = "Meghan Jachna";
				TargetAttributes = {
					189FCBA024DB58DA00BD7C5D = {
						CreatedOnToolsVersion = 11.5;
					};
				};
			};
			buildConfigurationList = 189FCB9C24DB58DA00BD7C5D /* Build configuration list for PBXProject "MiniProject1" */;
			compatibilityVersion = "Xcode 9.3";
			developmentRegion = en;
			hasScannedForEncodings = 0;
			knownRegions = (
				en,
				Base,
			);
			mainGroup = 189FCB9824DB58DA00BD7C5D;
			productRefGroup = 189FCBA224DB58DA00BD7C5D /* Products */;
			projectDirPath = "";
			projectRoot = "";
			targets = (
				189FCBA024DB58DA00BD7C5D /* MiniProject1 */,
			);
		};
/* End PBXProject section */

/* Begin PBXResourcesBuildPhase section */
		189FCB9F24DB58DA00BD7C5D /* Resources */ = {
			isa = PBXResourcesBuildPhase;
			buildActionMask = 2147483647;
			files = (
				189FCBB924DB7F6D00BD7C5D /* IMG_8278.jpg in Resources */,
				189FCBB124DB58DB00BD7C5D /* LaunchScreen.storyboard in Resources */,
				189FCBAE24DB58DB00BD7C5D /* Assets.xcassets in Resources */,
				189FCBAC24DB58DA00BD7C5D /* Main.storyboard in Resources */,
			);
			runOnlyForDeploymentPostprocessing = 0;
		};
/* End PBXResourcesBuildPhase section */

/* Begin PBXSourcesBuildPhase section */
		189FCB9D24DB58DA00BD7C5D /* Sources */ = {
			isa = PBXSourcesBuildPhase;
			buildActionMask = 2147483647;
			files = (
				189FCBA924DB58DA00BD7C5D /* ViewController.swift in Sources */,
				189FCBA524DB58DA00BD7C5D /* AppDelegate.swift in Sources */,
				189FCBA724DB58DA00BD7C5D /* SceneDelegate.swift in Sources */,
			);
			runOnlyForDeploymentPostprocessing = 0;
		};
/* End PBXSourcesBuildPhase section */

/* Begin PBXVariantGroup section */
		189FCBAA24DB58DA00BD7C5D /* Main.storyboard */ = {
			isa = PBXVariantGroup;
			children = (
				189FCBAB24DB58DA00BD7C5D /* Base */,
			);
			name = Main.storyboard;
			sourceTree = "<group>";
		};
		189FCBAF24DB58DB00BD7C5D /* LaunchScreen.storyboard */ = {
			isa = PBXVariantGroup;
			children = (
				189FCBB024DB58DB00BD7C5D /* Base */,
			);
			name = LaunchScreen.storyboard;
			sourceTree = "<group>";
		};
/* End PBXVariantGroup section */

/* Begin XCBuildConfiguration section */
		189FCBB324DB58DB00BD7C5D /* Debug */ = {
			isa = XCBuildConfiguration;
			buildSettings = {
				ALWAYS_SEARCH_USER_PATHS = NO;
				CLANG_ANALYZER_NONNULL = YES;
				CLANG_ANALYZER_NUMBER_OBJECT_CONVERSION = YES_AGGRESSIVE;
				CLANG_CXX_LANGUAGE_STANDARD = "gnu++14";
				CLANG_CXX_LIBRARY = "libc++";
				CLANG_ENABLE_MODULES = YES;
				CLANG_ENABLE_OBJC_ARC = YES;
				CLANG_ENABLE_OBJC_WEAK = YES;
				CLANG_WARN_BLOCK_CAPTURE_AUTORELEASING = YES;
				CLANG_WARN_BOOL_CONVERSION = YES;
				CLANG_WARN_COMMA = YES;
				CLANG_WARN_CONSTANT_CONVERSION = YES;
				CLANG_WARN_DEPRECATED_OBJC_IMPLEMENTATIONS = YES;
				CLANG_WARN_DIRECT_OBJC_ISA_USAGE = YES_ERROR;
				CLANG_WARN_DOCUMENTATION_COMMENTS = YES;
				CLANG_WARN_EMPTY_BODY = YES;
				CLANG_WARN_ENUM_CONVERSION = YES;
				CLANG_WARN_INFINITE_RECURSION = YES;
				CLANG_WARN_INT_CONVERSION = YES;
				CLANG_WARN_NON_LITERAL_NULL_CONVERSION = YES;
				CLANG_WARN_OBJC_IMPLICIT_RETAIN_SELF = YES;
				CLANG_WARN_OBJC_LITERAL_CONVERSION = YES;
				CLANG_WARN_OBJC_ROOT_CLASS = YES_ERROR;
				CLANG_WARN_RANGE_LOOP_ANALYSIS = YES;
				CLANG_WARN_STRICT_PROTOTYPES = YES;
				CLANG_WARN_SUSPICIOUS_MOVE = YES;
				CLANG_WARN_UNGUARDED_AVAILABILITY = YES_AGGRESSIVE;
				CLANG_WARN_UNREACHABLE_CODE = YES;
				CLANG_WARN__DUPLICATE_METHOD_MATCH = YES;
				COPY_PHASE_STRIP = NO;
				DEBUG_INFORMATION_FORMAT = dwarf;
				ENABLE_STRICT_OBJC_MSGSEND = YES;
				ENABLE_TESTABILITY = YES;
				GCC_C_LANGUAGE_STANDARD = gnu11;
				GCC_DYNAMIC_NO_PIC = NO;
				GCC_NO_COMMON_BLOCKS = YES;
				GCC_OPTIMIZATION_LEVEL = 0;
				GCC_PREPROCESSOR_DEFINITIONS = (
					"DEBUG=1",
					"$(inherited)",
				);
				GCC_WARN_64_TO_32_BIT_CONVERSION = YES;
				GCC_WARN_ABOUT_RETURN_TYPE = YES_ERROR;
				GCC_WARN_UNDECLARED_SELECTOR = YES;
				GCC_WARN_UNINITIALIZED_AUTOS = YES_AGGRESSIVE;
				GCC_WARN_UNUSED_FUNCTION = YES;
				GCC_WARN_UNUSED_VARIABLE = YES;
				IPHONEOS_DEPLOYMENT_TARGET = 13.5;
				MTL_ENABLE_DEBUG_INFO = INCLUDE_SOURCE;
				MTL_FAST_MATH = YES;
				ONLY_ACTIVE_ARCH = YES;
				SDKROOT = iphoneos;
				SWIFT_ACTIVE_COMPILATION_CONDITIONS = DEBUG;
				SWIFT_OPTIMIZATION_LEVEL = "-Onone";
			};
			name = Debug;
		};
		189FCBB424DB58DB00BD7C5D /* Release */ = {
			isa = XCBuildConfiguration;
			buildSettings = {
				ALWAYS_SEARCH_USER_PATHS = NO;
				CLANG_ANALYZER_NONNULL = YES;
				CLANG_ANALYZER_NUMBER_OBJECT_CONVERSION = YES_AGGRESSIVE;
				CLANG_CXX_LANGUAGE_STANDARD = "gnu++14";
				CLANG_CXX_LIBRARY = "libc++";
				CLANG_ENABLE_MODULES = YES;
				CLANG_ENABLE_OBJC_ARC = YES;
				CLANG_ENABLE_OBJC_WEAK = YES;
				CLANG_WARN_BLOCK_CAPTURE_AUTORELEASING = YES;
				CLANG_WARN_BOOL_CONVERSION = YES;
				CLANG_WARN_COMMA = YES;
				CLANG_WARN_CONSTANT_CONVERSION = YES;
				CLANG_WARN_DEPRECATED_OBJC_IMPLEMENTATIONS = YES;
				CLANG_WARN_DIRECT_OBJC_ISA_USAGE = YES_ERROR;
				CLANG_WARN_DOCUMENTATION_COMMENTS = YES;
				CLANG_WARN_EMPTY_BODY = YES;
				CLANG_WARN_ENUM_CONVERSION = YES;
				CLANG_WARN_INFINITE_RECURSION = YES;
				CLANG_WARN_INT_CONVERSION = YES;
				CLANG_WARN_NON_LITERAL_NULL_CONVERSION = YES;
				CLANG_WARN_OBJC_IMPLICIT_RETAIN_SELF = YES;
				CLANG_WARN_OBJC_LITERAL_CONVERSION = YES;
				CLANG_WARN_OBJC_ROOT_CLASS = YES_ERROR;
				CLANG_WARN_RANGE_LOOP_ANALYSIS = YES;
				CLANG_WARN_STRICT_PROTOTYPES = YES;
				CLANG_WARN_SUSPICIOUS_MOVE = YES;
				CLANG_WARN_UNGUARDED_AVAILABILITY = YES_AGGRESSIVE;
				CLANG_WARN_UNREACHABLE_CODE = YES;
				CLANG_WARN__DUPLICATE_METHOD_MATCH = YES;
				COPY_PHASE_STRIP = NO;
				DEBUG_INFORMATION_FORMAT = "dwarf-with-dsym";
				ENABLE_NS_ASSERTIONS = NO;
				ENABLE_STRICT_OBJC_MSGSEND = YES;
				GCC_C_LANGUAGE_STANDARD = gnu11;
				GCC_NO_COMMON_BLOCKS = YES;
				GCC_WARN_64_TO_32_BIT_CONVERSION = YES;
				GCC_WARN_ABOUT_RETURN_TYPE = YES_ERROR;
				GCC_WARN_UNDECLARED_SELECTOR = YES;
				GCC_WARN_UNINITIALIZED_AUTOS = YES_AGGRESSIVE;
				GCC_WARN_UNUSED_FUNCTION = YES;
				GCC_WARN_UNUSED_VARIABLE = YES;
				IPHONEOS_DEPLOYMENT_TARGET = 13.5;
				MTL_ENABLE_DEBUG_INFO = NO;
				MTL_FAST_MATH = YES;
				SDKROOT = iphoneos;
				SWIFT_COMPILATION_MODE = wholemodule;
				SWIFT_OPTIMIZATION_LEVEL = "-O";
				VALIDATE_PRODUCT = YES;
			};
			name = Release;
		};
		189FCBB624DB58DB00BD7C5D /* Debug */ = {
			isa = XCBuildConfiguration;
			buildSettings = {
				ASSETCATALOG_COMPILER_APPICON_NAME = AppIcon;
				CODE_SIGN_STYLE = Automatic;
				INFOPLIST_FILE = MiniProject1/Info.plist;
				LD_RUNPATH_SEARCH_PATHS = (
					"$(inherited)",
					"@executable_path/Frameworks",
				);
				PRODUCT_BUNDLE_IDENTIFIER = KWK.MiniProject1;
				PRODUCT_NAME = "$(TARGET_NAME)";
				SWIFT_VERSION = 5.0;
				TARGETED_DEVICE_FAMILY = "1,2";
			};
			name = Debug;
		};
		189FCBB724DB58DB00BD7C5D /* Release */ = {
			isa = XCBuildConfiguration;
			buildSettings = {
				ASSETCATALOG_COMPILER_APPICON_NAME = AppIcon;
				CODE_SIGN_STYLE = Automatic;
				INFOPLIST_FILE = MiniProject1/Info.plist;
				LD_RUNPATH_SEARCH_PATHS = (
					"$(inherited)",
					"@executable_path/Frameworks",
				);
				PRODUCT_BUNDLE_IDENTIFIER = KWK.MiniProject1;
				PRODUCT_NAME = "$(TARGET_NAME)";
				SWIFT_VERSION = 5.0;
				TARGETED_DEVICE_FAMILY = "1,2";
			};
			name = Release;
		};
/* End XCBuildConfiguration section */

/* Begin XCConfigurationList section */
		189FCB9C24DB58DA00BD7C5D /* Build configuration list for PBXProject "MiniProject1" */ = {
			isa = XCConfigurationList;
			buildConfigurations = (
				189FCBB324DB58DB00BD7C5D /* Debug */,
				189FCBB424DB58DB00BD7C5D /* Release */,
			);
			defaultConfigurationIsVisible = 0;
			defaultConfigurationName = Release;
		};
		189FCBB524DB58DB00BD7C5D /* Build configuration list for PBXNativeTarget "MiniProject1" */ = {
			isa = XCConfigurationList;
			buildConfigurations = (
				189FCBB624DB58DB00BD7C5D /* Debug */,
				189FCBB724DB58DB00BD7C5D /* Release */,
			);
			defaultConfigurationIsVisible = 0;
			defaultConfigurationName = Release;
		};
/* End XCConfigurationList section */
	};
	rootObject = 189FCB9924DB58DA00BD7C5D /* Project object */;
}
